
Microsoft Visual Studio Solution File, Format Version 12.00
# Visual Studio 14
VisualStudioVersion = 14.0.25123.0
MinimumVisualStudioVersion = 10.0.40219.1
Project("{3147CBB9-2389-48C2-922A-7BA9A163DF3B}") = "Sitecore.Support.179895", "Sitecore.Support.179895\Sitecore.Support.179895.csproj", "{C93C9AFE-234D-4BF6-9B4D-DBBCD10F3A2C}"
EndProject
Global
	GlobalSection(SolutionConfigurationPlatforms) = preSolution
		Debug|Any CPU = Debug|Any CPU
		Release|Any CPU = Release|Any CPU
	EndGlobalSection
	GlobalSection(ProjectConfigurationPlatforms) = postSolution
		{C93C9AFE-234D-4BF6-9B4D-DBBCD10F3A2C}.Debug|Any CPU.ActiveCfg = Debug|Any CPU
		{C93C9AFE-234D-4BF6-9B4D-DBBCD10F3A2C}.Debug|Any CPU.Build.0 = Debug|Any CPU
		{C93C9AFE-234D-4BF6-9B4D-DBBCD10F3A2C}.Release|Any CPU.ActiveCfg = Release|Any CPU
		{C93C9AFE-234D-4BF6-9B4D-DBBCD10F3A2C}.Release|Any CPU.Build.0 = Release|Any CPU
	EndGlobalSection
	GlobalSection(SolutionProperties) = preSolution
		HideSolutionNode = FALSE
	EndGlobalSection
EndGlobal
